<?xml version="1.0" encoding="utf-8"?>
<Project ToolsVersion="4.0" xmlns="http://schemas.microsoft.com/developer/msbuild/2003">
  <ItemGroup>
    <Filter Include="Cyprium">
      <UniqueIdentifier>{CEC1A84B-3AA1-27E7-43B9-B2BDAF178E48}</UniqueIdentifier>
    </Filter>
    <Filter Include="Cyprium\Events">
      <UniqueIdentifier>{F2999428-DE67-882E-C7FB-F854B3686493}</UniqueIdentifier>
    </Filter>
  </ItemGroup>
  <ItemGroup>
    <ClInclude Include="src\Cyprium.h" />
    <ClInclude Include="src\Cyprium\Application.h">
      <Filter>Cyprium</Filter>
    </ClInclude>
    <ClInclude Include="src\Cyprium\Core.h">
      <Filter>Cyprium</Filter>
    </ClInclude>
    <ClInclude Include="src\Cyprium\EntryPoint.h">
      <Filter>Cyprium</Filter>
    </ClInclude>
    <ClInclude Include="src\Cyprium\Events\ApplicationEvents.h">
      <Filter>Cyprium\Events</Filter>
    </ClInclude>
    <ClInclude Include="src\Cyprium\Events\Event.h">
      <Filter>Cyprium\Events</Filter>
    </ClInclude>
    <ClInclude Include="src\Cyprium\Events\KeyEvent.h">
      <Filter>Cyprium\Events</Filter>
    </ClInclude>
    <ClInclude Include="src\Cyprium\Events\MouseEvent.h">
      <Filter>Cyprium\Events</Filter>
    </ClInclude>
    <ClInclude Include="src\Cyprium\Log.h">
      <Filter>Cyprium</Filter>
    </ClInclude>
  </ItemGroup>
  <ItemGroup>
    <ClCompile Include="src\Cyprium\Application.cpp">
      <Filter>Cyprium</Filter>
    </ClCompile>
    <ClCompile Include="src\Cyprium\Log.cpp">
      <Filter>Cyprium</Filter>
    </ClCompile>
  </ItemGroup>
</Project>